{
  "name": "PyChat",
  "lockfileVersion": 2,
  "requires": true,
  "packages": {
    "": {
      "dependencies": {
        "scratch-auth": "^1.0.0"
      }
    },
    "node_modules/pako": {
      "version": "1.0.3",
      "resolved": "https://registry.npmjs.org/pako/-/pako-1.0.3.tgz",
      "integrity": "sha512-0++/dgZ7dtRcDnqsD27Uy+G43/MQeUWeCWucnTD+Z9vxmUJ8Y3oCt6O7mM2bzGo3IsG/MwU3MQL5qHLBqER9nA=="
    },
    "node_modules/scratch-auth": {
      "version": "1.0.0",
      "resolved": "https://registry.npmjs.org/scratch-auth/-/scratch-auth-1.0.0.tgz",
      "integrity": "sha512-Fpz6mk51E/M0Ply0sd1j6cVJ1Ha+7VPGsm9oFRt35yi+daPxFd3eZNMH8SAEISa1YsdzHhimEJNMbzOMsUoRqA==",
      "dependencies": {
        "pako": "1.0.3"
      }
    }
  },
  "dependencies": {
    "pako": {
      "version": "1.0.3",
      "resolved": "https://registry.npmjs.org/pako/-/pako-1.0.3.tgz",
      "integrity": "sha512-0++/dgZ7dtRcDnqsD27Uy+G43/MQeUWeCWucnTD+Z9vxmUJ8Y3oCt6O7mM2bzGo3IsG/MwU3MQL5qHLBqER9nA=="
    },
    "scratch-auth": {
      "version": "1.0.0",
      "resolved": "https://registry.npmjs.org/scratch-auth/-/scratch-auth-1.0.0.tgz",
      "integrity": "sha512-Fpz6mk51E/M0Ply0sd1j6cVJ1Ha+7VPGsm9oFRt35yi+daPxFd3eZNMH8SAEISa1YsdzHhimEJNMbzOMsUoRqA==",
      "requires": {
        "pako": "1.0.3"
      }
    }
  }
}
